// !$*UTF8*$!
{
	archiveVersion = 1;
	classes = {
	};
	objectVersion = 46;
	objects = {

/* Begin PBXFileReference section */
		1D045C761E2DE2F20061A9B1 /* skramel.css */ = {isa = PBXFileReference; lastKnownFileType = text.css; path = skramel.css; sourceTree = "<group>"; };
		1DA762C11E2333E80090C593 /* img */ = {isa = PBXFileReference; lastKnownFileType = folder; path = img; sourceTree = "<group>"; };
		1DE2FCC91E232F350024DA62 /* about.html */ = {isa = PBXFileReference; lastKnownFileType = text.html; path = about.html; sourceTree = "<group>"; };
		1DE2FCCB1E232F350024DA62 /* index.html */ = {isa = PBXFileReference; lastKnownFileType = text.html; path = index.html; sourceTree = "<group>"; };
		1DE2FCCC1E232F350024DA62 /* pub.html */ = {isa = PBXFileReference; lastKnownFileType = text.html; path = pub.html; sourceTree = "<group>"; };
		1DE2FCCD1E232F350024DA62 /* README.md */ = {isa = PBXFileReference; lastKnownFileType = net.daringfireball.markdown; path = README.md; sourceTree = "<group>"; };
		1DE2FCCE1E232F350024DA62 /* res.html */ = {isa = PBXFileReference; lastKnownFileType = text.html; path = res.html; sourceTree = "<group>"; };
		1DE2FCCF1E232F350024DA62 /* track3d.html */ = {isa = PBXFileReference; lastKnownFileType = text.html; path = track3d.html; sourceTree = "<group>"; };
		1DE2FCD01E232F350024DA62 /* track3d.webgl */ = {isa = PBXFileReference; lastKnownFileType = text; path = track3d.webgl; sourceTree = "<group>"; };
/* End PBXFileReference section */

/* Begin PBXGroup section */
		1DE2FCC21E232E360024DA62 = {
			isa = PBXGroup;
			children = (
				1DE2FCC91E232F350024DA62 /* about.html */,
				1DE2FCCB1E232F350024DA62 /* index.html */,
				1D045C761E2DE2F20061A9B1 /* skramel.css */,
				1DE2FCCC1E232F350024DA62 /* pub.html */,
				1DE2FCCD1E232F350024DA62 /* README.md */,
				1DE2FCCE1E232F350024DA62 /* res.html */,
				1DE2FCCF1E232F350024DA62 /* track3d.html */,
				1DE2FCD01E232F350024DA62 /* track3d.webgl */,
				1DA762C11E2333E80090C593 /* img */,
			);
			sourceTree = "<group>";
		};
/* End PBXGroup section */

/* Begin PBXProject section */
		1DE2FCC31E232E360024DA62 /* Project object */ = {
			isa = PBXProject;
			attributes = {
				LastUpgradeCheck = 0820;
			};
			buildConfigurationList = 1DE2FCC61E232E360024DA62 /* Build configuration list for PBXProject "web" */;
			compatibilityVersion = "Xcode 3.2";
			developmentRegion = English;
			hasScannedForEncodings = 0;
			knownRegions = (
				en,
			);
			mainGroup = 1DE2FCC21E232E360024DA62;
			projectDirPath = "";
			projectRoot = "";
			targets = (
			);
		};
/* End PBXProject section */

/* Begin XCBuildConfiguration section */
		1DE2FCC71E232E360024DA62 /* Debug */ = {
			isa = XCBuildConfiguration;
			buildSettings = {
			};
			name = Debug;
		};
		1DE2FCC81E232E360024DA62 /* Release */ = {
			isa = XCBuildConfiguration;
			buildSettings = {
			};
			name = Release;
		};
/* End XCBuildConfiguration section */

/* Begin XCConfigurationList section */
		1DE2FCC61E232E360024DA62 /* Build configuration list for PBXProject "web" */ = {
			isa = XCConfigurationList;
			buildConfigurations = (
				1DE2FCC71E232E360024DA62 /* Debug */,
				1DE2FCC81E232E360024DA62 /* Release */,
			);
			defaultConfigurationIsVisible = 0;
			defaultConfigurationName = Release;
		};
/* End XCConfigurationList section */
	};
	rootObject = 1DE2FCC31E232E360024DA62 /* Project object */;
}
